
Microsoft Visual Studio Solution File, Format Version 12.00
# Visual Studio Version 17
VisualStudioVersion = 17.11.35303.130
MinimumVisualStudioVersion = 10.0.40219.1
Project("{FAE04EC0-301F-11D3-BF4B-00C04F79EFBC}") = "SERVPRO", "SERVPRO\SERVPRO.csproj", "{BCDBCA5A-B34F-457B-91FB-491B731A9783}"
EndProject
Global
	GlobalSection(SolutionConfigurationPlatforms) = preSolution
		Debug|Any CPU = Debug|Any CPU
		Release|Any CPU = Release|Any CPU
	EndGlobalSection
	GlobalSection(ProjectConfigurationPlatforms) = postSolution
		{BCDBCA5A-B34F-457B-91FB-491B731A9783}.Debug|Any CPU.ActiveCfg = Debug|Any CPU
		{BCDBCA5A-B34F-457B-91FB-491B731A9783}.Debug|Any CPU.Build.0 = Debug|Any CPU
		{BCDBCA5A-B34F-457B-91FB-491B731A9783}.Release|Any CPU.ActiveCfg = Release|Any CPU
		{BCDBCA5A-B34F-457B-91FB-491B731A9783}.Release|Any CPU.Build.0 = Release|Any CPU
	EndGlobalSection
	GlobalSection(SolutionProperties) = preSolution
		HideSolutionNode = FALSE
	EndGlobalSection
	GlobalSection(ExtensibilityGlobals) = postSolution
		SolutionGuid = {28E69E6B-3A70-4ACB-8AF8-3FD385E626B4}
	EndGlobalSection
EndGlobal
